
Microsoft Visual Studio Solution File, Format Version 12.00
# Visual Studio 14
VisualStudioVersion = 14.0.25420.1
MinimumVisualStudioVersion = 10.0.40219.1
Project("{8BC9CEB8-8B4A-11D0-8D11-00A0C91BC942}") = "PeyoneNet", "PeyoneNetStatic.vcxproj", "{89657C8F-7D2D-4773-AD0E-2B2817CB9D5D}"
EndProject
Global
	GlobalSection(SolutionConfigurationPlatforms) = preSolution
		Debug|x64 = Debug|x64
		Debug|x86 = Debug|x86
		DebugStlport|x64 = DebugStlport|x64
		DebugStlport|x86 = DebugStlport|x86
		Release|x64 = Release|x64
		Release|x86 = Release|x86
		ReleaseStlport|x64 = ReleaseStlport|x64
		ReleaseStlport|x86 = ReleaseStlport|x86
	EndGlobalSection
	GlobalSection(ProjectConfigurationPlatforms) = postSolution
		{89657C8F-7D2D-4773-AD0E-2B2817CB9D5D}.Debug|x64.ActiveCfg = Debug|x64
		{89657C8F-7D2D-4773-AD0E-2B2817CB9D5D}.Debug|x64.Build.0 = Debug|x64
		{89657C8F-7D2D-4773-AD0E-2B2817CB9D5D}.Debug|x86.ActiveCfg = Debug|Win32
		{89657C8F-7D2D-4773-AD0E-2B2817CB9D5D}.Debug|x86.Build.0 = Debug|Win32
		{89657C8F-7D2D-4773-AD0E-2B2817CB9D5D}.DebugStlport|x64.ActiveCfg = DebugStlport|x64
		{89657C8F-7D2D-4773-AD0E-2B2817CB9D5D}.DebugStlport|x64.Build.0 = DebugStlport|x64
		{89657C8F-7D2D-4773-AD0E-2B2817CB9D5D}.DebugStlport|x86.ActiveCfg = DebugStlport|Win32
		{89657C8F-7D2D-4773-AD0E-2B2817CB9D5D}.DebugStlport|x86.Build.0 = DebugStlport|Win32
		{89657C8F-7D2D-4773-AD0E-2B2817CB9D5D}.Release|x64.ActiveCfg = Release|x64
		{89657C8F-7D2D-4773-AD0E-2B2817CB9D5D}.Release|x64.Build.0 = Release|x64
		{89657C8F-7D2D-4773-AD0E-2B2817CB9D5D}.Release|x86.ActiveCfg = Release|Win32
		{89657C8F-7D2D-4773-AD0E-2B2817CB9D5D}.Release|x86.Build.0 = Release|Win32
		{89657C8F-7D2D-4773-AD0E-2B2817CB9D5D}.ReleaseStlport|x64.ActiveCfg = ReleaseStlport|x64
		{89657C8F-7D2D-4773-AD0E-2B2817CB9D5D}.ReleaseStlport|x64.Build.0 = ReleaseStlport|x64
		{89657C8F-7D2D-4773-AD0E-2B2817CB9D5D}.ReleaseStlport|x86.ActiveCfg = ReleaseStlport|Win32
		{89657C8F-7D2D-4773-AD0E-2B2817CB9D5D}.ReleaseStlport|x86.Build.0 = ReleaseStlport|Win32
	EndGlobalSection
	GlobalSection(SolutionProperties) = preSolution
		HideSolutionNode = FALSE
	EndGlobalSection
EndGlobal
